
Microsoft Visual Studio Solution File, Format Version 11.00
# Visual Studio 2010
Project("{FAE04EC0-301F-11D3-BF4B-00C04F79EFBC}") = "YesSql.Core", "src\YesSql.Core\YesSql.Core.csproj", "{CB9AB06D-0ABA-49E3-8F78-A74534485CE4}"
EndProject
Project("{FAE04EC0-301F-11D3-BF4B-00C04F79EFBC}") = "YesSql.Tests", "src\YesSql.Tests\YesSql.Tests.csproj", "{3A07A938-7809-41F1-90EE-075ED4E788F6}"
EndProject
Project("{2150E333-8FDC-42A3-9474-1A3956D46DE8}") = "Samples", "Samples", "{575DE04E-E0BB-41A5-8493-3F5DEDDA470D}"
EndProject
Project("{FAE04EC0-301F-11D3-BF4B-00C04F79EFBC}") = "YesSql.Samples.Shards", "samples\YesSql.Samples.Shards\YesSql.Samples.Shards.csproj", "{FA0782D5-EAE8-496C-A8B4-E6F98849C153}"
EndProject
Project("{FAE04EC0-301F-11D3-BF4B-00C04F79EFBC}") = "YesSql.Samples.Hi", "samples\YesSql.Samples.Hi\YesSql.Samples.Hi.csproj", "{1EC0F6B9-0441-4F42-8C0C-E85966D42145}"
EndProject
Project("{FAE04EC0-301F-11D3-BF4B-00C04F79EFBC}") = "YesSql.Samples.Performance", "samples\YesSql.Samples.Performance\YesSql.Samples.Performance.csproj", "{BAF709A0-D49F-4DB4-ABC7-A13FFEC74243}"
EndProject
Project("{FAE04EC0-301F-11D3-BF4B-00C04F79EFBC}") = "YesSql.Samples.FullText", "samples\YesSql.Samples.FullText\YesSql.Samples.FullText.csproj", "{0C55AD0B-3F62-4576-9925-2E0E60E45A64}"
EndProject
Global
	GlobalSection(TestCaseManagementSettings) = postSolution
		CategoryFile = Store.vsmdi
	EndGlobalSection
	GlobalSection(SolutionConfigurationPlatforms) = preSolution
		Debug|Any CPU = Debug|Any CPU
		Debug|Mixed Platforms = Debug|Mixed Platforms
		Debug|x86 = Debug|x86
		Release|Any CPU = Release|Any CPU
		Release|Mixed Platforms = Release|Mixed Platforms
		Release|x86 = Release|x86
	EndGlobalSection
	GlobalSection(ProjectConfigurationPlatforms) = postSolution
		{CB9AB06D-0ABA-49E3-8F78-A74534485CE4}.Debug|Any CPU.ActiveCfg = Debug|Any CPU
		{CB9AB06D-0ABA-49E3-8F78-A74534485CE4}.Debug|Any CPU.Build.0 = Debug|Any CPU
		{CB9AB06D-0ABA-49E3-8F78-A74534485CE4}.Debug|Mixed Platforms.ActiveCfg = Debug|Any CPU
		{CB9AB06D-0ABA-49E3-8F78-A74534485CE4}.Debug|Mixed Platforms.Build.0 = Debug|Any CPU
		{CB9AB06D-0ABA-49E3-8F78-A74534485CE4}.Debug|x86.ActiveCfg = Debug|Any CPU
		{CB9AB06D-0ABA-49E3-8F78-A74534485CE4}.Release|Any CPU.ActiveCfg = Release|Any CPU
		{CB9AB06D-0ABA-49E3-8F78-A74534485CE4}.Release|Any CPU.Build.0 = Release|Any CPU
		{CB9AB06D-0ABA-49E3-8F78-A74534485CE4}.Release|Mixed Platforms.ActiveCfg = Release|Any CPU
		{CB9AB06D-0ABA-49E3-8F78-A74534485CE4}.Release|Mixed Platforms.Build.0 = Release|Any CPU
		{CB9AB06D-0ABA-49E3-8F78-A74534485CE4}.Release|x86.ActiveCfg = Release|Any CPU
		{3A07A938-7809-41F1-90EE-075ED4E788F6}.Debug|Any CPU.ActiveCfg = Debug|Any CPU
		{3A07A938-7809-41F1-90EE-075ED4E788F6}.Debug|Any CPU.Build.0 = Debug|Any CPU
		{3A07A938-7809-41F1-90EE-075ED4E788F6}.Debug|Mixed Platforms.ActiveCfg = Debug|Any CPU
		{3A07A938-7809-41F1-90EE-075ED4E788F6}.Debug|Mixed Platforms.Build.0 = Debug|Any CPU
		{3A07A938-7809-41F1-90EE-075ED4E788F6}.Debug|x86.ActiveCfg = Debug|Any CPU
		{3A07A938-7809-41F1-90EE-075ED4E788F6}.Release|Any CPU.ActiveCfg = Release|Any CPU
		{3A07A938-7809-41F1-90EE-075ED4E788F6}.Release|Any CPU.Build.0 = Release|Any CPU
		{3A07A938-7809-41F1-90EE-075ED4E788F6}.Release|Mixed Platforms.ActiveCfg = Release|Any CPU
		{3A07A938-7809-41F1-90EE-075ED4E788F6}.Release|Mixed Platforms.Build.0 = Release|Any CPU
		{3A07A938-7809-41F1-90EE-075ED4E788F6}.Release|x86.ActiveCfg = Release|Any CPU
		{FA0782D5-EAE8-496C-A8B4-E6F98849C153}.Debug|Any CPU.ActiveCfg = Debug|x86
		{FA0782D5-EAE8-496C-A8B4-E6F98849C153}.Debug|Mixed Platforms.ActiveCfg = Debug|x86
		{FA0782D5-EAE8-496C-A8B4-E6F98849C153}.Debug|Mixed Platforms.Build.0 = Debug|x86
		{FA0782D5-EAE8-496C-A8B4-E6F98849C153}.Debug|x86.ActiveCfg = Debug|x86
		{FA0782D5-EAE8-496C-A8B4-E6F98849C153}.Debug|x86.Build.0 = Debug|x86
		{FA0782D5-EAE8-496C-A8B4-E6F98849C153}.Release|Any CPU.ActiveCfg = Release|x86
		{FA0782D5-EAE8-496C-A8B4-E6F98849C153}.Release|Mixed Platforms.ActiveCfg = Release|x86
		{FA0782D5-EAE8-496C-A8B4-E6F98849C153}.Release|Mixed Platforms.Build.0 = Release|x86
		{FA0782D5-EAE8-496C-A8B4-E6F98849C153}.Release|x86.ActiveCfg = Release|x86
		{FA0782D5-EAE8-496C-A8B4-E6F98849C153}.Release|x86.Build.0 = Release|x86
		{1EC0F6B9-0441-4F42-8C0C-E85966D42145}.Debug|Any CPU.ActiveCfg = Debug|x86
		{1EC0F6B9-0441-4F42-8C0C-E85966D42145}.Debug|Mixed Platforms.ActiveCfg = Debug|x86
		{1EC0F6B9-0441-4F42-8C0C-E85966D42145}.Debug|Mixed Platforms.Build.0 = Debug|x86
		{1EC0F6B9-0441-4F42-8C0C-E85966D42145}.Debug|x86.ActiveCfg = Debug|x86
		{1EC0F6B9-0441-4F42-8C0C-E85966D42145}.Debug|x86.Build.0 = Debug|x86
		{1EC0F6B9-0441-4F42-8C0C-E85966D42145}.Release|Any CPU.ActiveCfg = Release|x86
		{1EC0F6B9-0441-4F42-8C0C-E85966D42145}.Release|Mixed Platforms.ActiveCfg = Release|x86
		{1EC0F6B9-0441-4F42-8C0C-E85966D42145}.Release|Mixed Platforms.Build.0 = Release|x86
		{1EC0F6B9-0441-4F42-8C0C-E85966D42145}.Release|x86.ActiveCfg = Release|x86
		{1EC0F6B9-0441-4F42-8C0C-E85966D42145}.Release|x86.Build.0 = Release|x86
		{BAF709A0-D49F-4DB4-ABC7-A13FFEC74243}.Debug|Any CPU.ActiveCfg = Debug|x86
		{BAF709A0-D49F-4DB4-ABC7-A13FFEC74243}.Debug|Mixed Platforms.ActiveCfg = Debug|x86
		{BAF709A0-D49F-4DB4-ABC7-A13FFEC74243}.Debug|Mixed Platforms.Build.0 = Debug|x86
		{BAF709A0-D49F-4DB4-ABC7-A13FFEC74243}.Debug|x86.ActiveCfg = Debug|x86
		{BAF709A0-D49F-4DB4-ABC7-A13FFEC74243}.Debug|x86.Build.0 = Debug|x86
		{BAF709A0-D49F-4DB4-ABC7-A13FFEC74243}.Release|Any CPU.ActiveCfg = Release|x86
		{BAF709A0-D49F-4DB4-ABC7-A13FFEC74243}.Release|Mixed Platforms.ActiveCfg = Release|x86
		{BAF709A0-D49F-4DB4-ABC7-A13FFEC74243}.Release|Mixed Platforms.Build.0 = Release|x86
		{BAF709A0-D49F-4DB4-ABC7-A13FFEC74243}.Release|x86.ActiveCfg = Release|x86
		{BAF709A0-D49F-4DB4-ABC7-A13FFEC74243}.Release|x86.Build.0 = Release|x86
		{0C55AD0B-3F62-4576-9925-2E0E60E45A64}.Debug|Any CPU.ActiveCfg = Debug|x86
		{0C55AD0B-3F62-4576-9925-2E0E60E45A64}.Debug|Mixed Platforms.ActiveCfg = Debug|x86
		{0C55AD0B-3F62-4576-9925-2E0E60E45A64}.Debug|Mixed Platforms.Build.0 = Debug|x86
		{0C55AD0B-3F62-4576-9925-2E0E60E45A64}.Debug|x86.ActiveCfg = Debug|x86
		{0C55AD0B-3F62-4576-9925-2E0E60E45A64}.Debug|x86.Build.0 = Debug|x86
		{0C55AD0B-3F62-4576-9925-2E0E60E45A64}.Release|Any CPU.ActiveCfg = Release|x86
		{0C55AD0B-3F62-4576-9925-2E0E60E45A64}.Release|Mixed Platforms.ActiveCfg = Release|x86
		{0C55AD0B-3F62-4576-9925-2E0E60E45A64}.Release|Mixed Platforms.Build.0 = Release|x86
		{0C55AD0B-3F62-4576-9925-2E0E60E45A64}.Release|x86.ActiveCfg = Release|x86
		{0C55AD0B-3F62-4576-9925-2E0E60E45A64}.Release|x86.Build.0 = Release|x86
	EndGlobalSection
	GlobalSection(SolutionProperties) = preSolution
		HideSolutionNode = FALSE
	EndGlobalSection
	GlobalSection(NestedProjects) = preSolution
		{FA0782D5-EAE8-496C-A8B4-E6F98849C153} = {575DE04E-E0BB-41A5-8493-3F5DEDDA470D}
		{1EC0F6B9-0441-4F42-8C0C-E85966D42145} = {575DE04E-E0BB-41A5-8493-3F5DEDDA470D}
		{BAF709A0-D49F-4DB4-ABC7-A13FFEC74243} = {575DE04E-E0BB-41A5-8493-3F5DEDDA470D}
		{0C55AD0B-3F62-4576-9925-2E0E60E45A64} = {575DE04E-E0BB-41A5-8493-3F5DEDDA470D}
	EndGlobalSection
EndGlobal
