
Microsoft Visual Studio Solution File, Format Version 12.00
# Visual Studio Version 16
VisualStudioVersion = 16.0.29123.88
MinimumVisualStudioVersion = 10.0.40219.1
Project("{2150E333-8FDC-42A3-9474-1A3956D46DE8}") = "samples", "samples", "{0882456B-4A70-4895-A3AE-39B9D30A1B31}"
EndProject
Project("{2150E333-8FDC-42A3-9474-1A3956D46DE8}") = "Solution Items", "Solution Items", "{EDE52F22-03E3-4909-8BAB-D5E0B2E0815A}"
	ProjectSection(SolutionItems) = preProject
		.github\workflows\build.yml = .github\workflows\build.yml
		src\Directory.Build.props = src\Directory.Build.props
		NuGet.config = NuGet.config
		.github\workflows\publish.yml = .github\workflows\publish.yml
		README.md = README.md
		src\YesSqlKey.snk = src\YesSqlKey.snk
	EndProjectSection
EndProject
Project("{2150E333-8FDC-42A3-9474-1A3956D46DE8}") = "src", "src", "{0C294EC4-E6EF-4839-AD34-335C1A5112F9}"
EndProject
Project("{2150E333-8FDC-42A3-9474-1A3956D46DE8}") = "test", "test", "{90072A27-51D8-4043-B4D2-940088010E69}"
EndProject
Project("{9A19103F-16F7-4668-BE54-9A1E7A4F7556}") = "YesSql.Core", "src\YesSql.Core\YesSql.Core.csproj", "{A69B2298-1840-46E8-849E-CA68C96364EE}"
EndProject
Project("{9A19103F-16F7-4668-BE54-9A1E7A4F7556}") = "YesSql.Samples.Performance", "samples\YesSql.Samples.Performance\YesSql.Samples.Performance.csproj", "{F2C23E01-C045-4D8E-997F-A9110DA5E041}"
EndProject
Project("{9A19103F-16F7-4668-BE54-9A1E7A4F7556}") = "YesSql.Tests", "test\YesSql.Tests\YesSql.Tests.csproj", "{2E2082CC-BB43-4971-A419-3F5CE5BD2CD7}"
EndProject
Project("{9A19103F-16F7-4668-BE54-9A1E7A4F7556}") = "YesSql.Bench", "samples\YesSql.Bench\YesSql.Bench.csproj", "{54213D0E-F9D8-4293-AD78-852FC72423F9}"
EndProject
Project("{9A19103F-16F7-4668-BE54-9A1E7A4F7556}") = "YesSql.Samples.Hi", "samples\YesSql.Samples.Hi\YesSql.Samples.Hi.csproj", "{2F005B29-D46A-441F-933D-CD25A0235074}"
EndProject
Project("{9A19103F-16F7-4668-BE54-9A1E7A4F7556}") = "YesSql.Samples.FullText", "samples\YesSql.Samples.FullText\YesSql.Samples.FullText.csproj", "{DC85F009-6C82-4829-9764-E328C04F023F}"
EndProject
Project("{9A19103F-16F7-4668-BE54-9A1E7A4F7556}") = "YesSql.Samples.Web", "samples\YesSql.Samples.Web\YesSql.Samples.Web.csproj", "{975E2E2B-FFA6-4FE0-A97B-DFBD0489D5BA}"
EndProject
Project("{9A19103F-16F7-4668-BE54-9A1E7A4F7556}") = "YesSql.Provider.MySql", "src\YesSql.Provider.MySql\YesSql.Provider.MySql.csproj", "{01617324-47BF-4EEF-98F3-09A0BDC11036}"
EndProject
Project("{9A19103F-16F7-4668-BE54-9A1E7A4F7556}") = "YesSql.Abstractions", "src\YesSql.Abstractions\YesSql.Abstractions.csproj", "{4F8EA926-60C9-44EB-B194-82A935346740}"
EndProject
Project("{9A19103F-16F7-4668-BE54-9A1E7A4F7556}") = "YesSql.Provider.SqlServer", "src\YesSql.Provider.SqlServer\YesSql.Provider.SqlServer.csproj", "{C5627926-D605-4F27-8324-F85862D22B05}"
EndProject
Project("{9A19103F-16F7-4668-BE54-9A1E7A4F7556}") = "YesSql.Provider.Sqlite", "src\YesSql.Provider.Sqlite\YesSql.Provider.Sqlite.csproj", "{5668D506-DA4C-4910-A4A5-4A3C3DC4576B}"
EndProject
Project("{9A19103F-16F7-4668-BE54-9A1E7A4F7556}") = "YesSql.Provider.PostgreSql", "src\YesSql.Provider.PostgreSql\YesSql.Provider.PostgreSql.csproj", "{ACC28167-D2C3-426A-9C45-C4906E09BA4E}"
EndProject
Project("{9A19103F-16F7-4668-BE54-9A1E7A4F7556}") = "YesSql", "src\YesSql\YesSql.csproj", "{6BAC7887-02FB-4B6F-BB5C-D6DEF9646CC6}"
EndProject
Global
	GlobalSection(SolutionConfigurationPlatforms) = preSolution
		Debug|Any CPU = Debug|Any CPU
		Debug|Mixed Platforms = Debug|Mixed Platforms
		Debug|x64 = Debug|x64
		Debug|x86 = Debug|x86
		Release|Any CPU = Release|Any CPU
		Release|Mixed Platforms = Release|Mixed Platforms
		Release|x64 = Release|x64
		Release|x86 = Release|x86
	EndGlobalSection
	GlobalSection(ProjectConfigurationPlatforms) = postSolution
		{A69B2298-1840-46E8-849E-CA68C96364EE}.Debug|Any CPU.ActiveCfg = Debug|Any CPU
		{A69B2298-1840-46E8-849E-CA68C96364EE}.Debug|Any CPU.Build.0 = Debug|Any CPU
		{A69B2298-1840-46E8-849E-CA68C96364EE}.Debug|Mixed Platforms.ActiveCfg = Debug|Any CPU
		{A69B2298-1840-46E8-849E-CA68C96364EE}.Debug|Mixed Platforms.Build.0 = Debug|Any CPU
		{A69B2298-1840-46E8-849E-CA68C96364EE}.Debug|x64.ActiveCfg = Debug|Any CPU
		{A69B2298-1840-46E8-849E-CA68C96364EE}.Debug|x64.Build.0 = Debug|Any CPU
		{A69B2298-1840-46E8-849E-CA68C96364EE}.Debug|x86.ActiveCfg = Debug|Any CPU
		{A69B2298-1840-46E8-849E-CA68C96364EE}.Debug|x86.Build.0 = Debug|Any CPU
		{A69B2298-1840-46E8-849E-CA68C96364EE}.Release|Any CPU.ActiveCfg = Release|Any CPU
		{A69B2298-1840-46E8-849E-CA68C96364EE}.Release|Any CPU.Build.0 = Release|Any CPU
		{A69B2298-1840-46E8-849E-CA68C96364EE}.Release|Mixed Platforms.ActiveCfg = Release|Any CPU
		{A69B2298-1840-46E8-849E-CA68C96364EE}.Release|Mixed Platforms.Build.0 = Release|Any CPU
		{A69B2298-1840-46E8-849E-CA68C96364EE}.Release|x64.ActiveCfg = Release|Any CPU
		{A69B2298-1840-46E8-849E-CA68C96364EE}.Release|x64.Build.0 = Release|Any CPU
		{A69B2298-1840-46E8-849E-CA68C96364EE}.Release|x86.ActiveCfg = Release|Any CPU
		{A69B2298-1840-46E8-849E-CA68C96364EE}.Release|x86.Build.0 = Release|Any CPU
		{F2C23E01-C045-4D8E-997F-A9110DA5E041}.Debug|Any CPU.ActiveCfg = Debug|Any CPU
		{F2C23E01-C045-4D8E-997F-A9110DA5E041}.Debug|Any CPU.Build.0 = Debug|Any CPU
		{F2C23E01-C045-4D8E-997F-A9110DA5E041}.Debug|Mixed Platforms.ActiveCfg = Debug|Any CPU
		{F2C23E01-C045-4D8E-997F-A9110DA5E041}.Debug|Mixed Platforms.Build.0 = Debug|Any CPU
		{F2C23E01-C045-4D8E-997F-A9110DA5E041}.Debug|x64.ActiveCfg = Debug|Any CPU
		{F2C23E01-C045-4D8E-997F-A9110DA5E041}.Debug|x64.Build.0 = Debug|Any CPU
		{F2C23E01-C045-4D8E-997F-A9110DA5E041}.Debug|x86.ActiveCfg = Debug|Any CPU
		{F2C23E01-C045-4D8E-997F-A9110DA5E041}.Debug|x86.Build.0 = Debug|Any CPU
		{F2C23E01-C045-4D8E-997F-A9110DA5E041}.Release|Any CPU.ActiveCfg = Release|Any CPU
		{F2C23E01-C045-4D8E-997F-A9110DA5E041}.Release|Any CPU.Build.0 = Release|Any CPU
		{F2C23E01-C045-4D8E-997F-A9110DA5E041}.Release|Mixed Platforms.ActiveCfg = Release|Any CPU
		{F2C23E01-C045-4D8E-997F-A9110DA5E041}.Release|Mixed Platforms.Build.0 = Release|Any CPU
		{F2C23E01-C045-4D8E-997F-A9110DA5E041}.Release|x64.ActiveCfg = Release|Any CPU
		{F2C23E01-C045-4D8E-997F-A9110DA5E041}.Release|x64.Build.0 = Release|Any CPU
		{F2C23E01-C045-4D8E-997F-A9110DA5E041}.Release|x86.ActiveCfg = Release|Any CPU
		{F2C23E01-C045-4D8E-997F-A9110DA5E041}.Release|x86.Build.0 = Release|Any CPU
		{2E2082CC-BB43-4971-A419-3F5CE5BD2CD7}.Debug|Any CPU.ActiveCfg = Debug|Any CPU
		{2E2082CC-BB43-4971-A419-3F5CE5BD2CD7}.Debug|Any CPU.Build.0 = Debug|Any CPU
		{2E2082CC-BB43-4971-A419-3F5CE5BD2CD7}.Debug|Mixed Platforms.ActiveCfg = Debug|Any CPU
		{2E2082CC-BB43-4971-A419-3F5CE5BD2CD7}.Debug|Mixed Platforms.Build.0 = Debug|Any CPU
		{2E2082CC-BB43-4971-A419-3F5CE5BD2CD7}.Debug|x64.ActiveCfg = Debug|Any CPU
		{2E2082CC-BB43-4971-A419-3F5CE5BD2CD7}.Debug|x64.Build.0 = Debug|Any CPU
		{2E2082CC-BB43-4971-A419-3F5CE5BD2CD7}.Debug|x86.ActiveCfg = Debug|Any CPU
		{2E2082CC-BB43-4971-A419-3F5CE5BD2CD7}.Debug|x86.Build.0 = Debug|Any CPU
		{2E2082CC-BB43-4971-A419-3F5CE5BD2CD7}.Release|Any CPU.ActiveCfg = Release|Any CPU
		{2E2082CC-BB43-4971-A419-3F5CE5BD2CD7}.Release|Any CPU.Build.0 = Release|Any CPU
		{2E2082CC-BB43-4971-A419-3F5CE5BD2CD7}.Release|Mixed Platforms.ActiveCfg = Release|Any CPU
		{2E2082CC-BB43-4971-A419-3F5CE5BD2CD7}.Release|Mixed Platforms.Build.0 = Release|Any CPU
		{2E2082CC-BB43-4971-A419-3F5CE5BD2CD7}.Release|x64.ActiveCfg = Release|Any CPU
		{2E2082CC-BB43-4971-A419-3F5CE5BD2CD7}.Release|x64.Build.0 = Release|Any CPU
		{2E2082CC-BB43-4971-A419-3F5CE5BD2CD7}.Release|x86.ActiveCfg = Release|Any CPU
		{2E2082CC-BB43-4971-A419-3F5CE5BD2CD7}.Release|x86.Build.0 = Release|Any CPU
		{54213D0E-F9D8-4293-AD78-852FC72423F9}.Debug|Any CPU.ActiveCfg = Debug|Any CPU
		{54213D0E-F9D8-4293-AD78-852FC72423F9}.Debug|Any CPU.Build.0 = Debug|Any CPU
		{54213D0E-F9D8-4293-AD78-852FC72423F9}.Debug|Mixed Platforms.ActiveCfg = Debug|Any CPU
		{54213D0E-F9D8-4293-AD78-852FC72423F9}.Debug|Mixed Platforms.Build.0 = Debug|Any CPU
		{54213D0E-F9D8-4293-AD78-852FC72423F9}.Debug|x64.ActiveCfg = Debug|Any CPU
		{54213D0E-F9D8-4293-AD78-852FC72423F9}.Debug|x64.Build.0 = Debug|Any CPU
		{54213D0E-F9D8-4293-AD78-852FC72423F9}.Debug|x86.ActiveCfg = Debug|Any CPU
		{54213D0E-F9D8-4293-AD78-852FC72423F9}.Debug|x86.Build.0 = Debug|Any CPU
		{54213D0E-F9D8-4293-AD78-852FC72423F9}.Release|Any CPU.ActiveCfg = Release|Any CPU
		{54213D0E-F9D8-4293-AD78-852FC72423F9}.Release|Any CPU.Build.0 = Release|Any CPU
		{54213D0E-F9D8-4293-AD78-852FC72423F9}.Release|Mixed Platforms.ActiveCfg = Release|Any CPU
		{54213D0E-F9D8-4293-AD78-852FC72423F9}.Release|Mixed Platforms.Build.0 = Release|Any CPU
		{54213D0E-F9D8-4293-AD78-852FC72423F9}.Release|x64.ActiveCfg = Release|Any CPU
		{54213D0E-F9D8-4293-AD78-852FC72423F9}.Release|x64.Build.0 = Release|Any CPU
		{54213D0E-F9D8-4293-AD78-852FC72423F9}.Release|x86.ActiveCfg = Release|Any CPU
		{54213D0E-F9D8-4293-AD78-852FC72423F9}.Release|x86.Build.0 = Release|Any CPU
		{2F005B29-D46A-441F-933D-CD25A0235074}.Debug|Any CPU.ActiveCfg = Debug|Any CPU
		{2F005B29-D46A-441F-933D-CD25A0235074}.Debug|Any CPU.Build.0 = Debug|Any CPU
		{2F005B29-D46A-441F-933D-CD25A0235074}.Debug|Mixed Platforms.ActiveCfg = Debug|Any CPU
		{2F005B29-D46A-441F-933D-CD25A0235074}.Debug|Mixed Platforms.Build.0 = Debug|Any CPU
		{2F005B29-D46A-441F-933D-CD25A0235074}.Debug|x64.ActiveCfg = Debug|Any CPU
		{2F005B29-D46A-441F-933D-CD25A0235074}.Debug|x64.Build.0 = Debug|Any CPU
		{2F005B29-D46A-441F-933D-CD25A0235074}.Debug|x86.ActiveCfg = Debug|Any CPU
		{2F005B29-D46A-441F-933D-CD25A0235074}.Debug|x86.Build.0 = Debug|Any CPU
		{2F005B29-D46A-441F-933D-CD25A0235074}.Release|Any CPU.ActiveCfg = Release|Any CPU
		{2F005B29-D46A-441F-933D-CD25A0235074}.Release|Any CPU.Build.0 = Release|Any CPU
		{2F005B29-D46A-441F-933D-CD25A0235074}.Release|Mixed Platforms.ActiveCfg = Release|Any CPU
		{2F005B29-D46A-441F-933D-CD25A0235074}.Release|Mixed Platforms.Build.0 = Release|Any CPU
		{2F005B29-D46A-441F-933D-CD25A0235074}.Release|x64.ActiveCfg = Release|Any CPU
		{2F005B29-D46A-441F-933D-CD25A0235074}.Release|x64.Build.0 = Release|Any CPU
		{2F005B29-D46A-441F-933D-CD25A0235074}.Release|x86.ActiveCfg = Release|Any CPU
		{2F005B29-D46A-441F-933D-CD25A0235074}.Release|x86.Build.0 = Release|Any CPU
		{DC85F009-6C82-4829-9764-E328C04F023F}.Debug|Any CPU.ActiveCfg = Debug|Any CPU
		{DC85F009-6C82-4829-9764-E328C04F023F}.Debug|Any CPU.Build.0 = Debug|Any CPU
		{DC85F009-6C82-4829-9764-E328C04F023F}.Debug|Mixed Platforms.ActiveCfg = Debug|Any CPU
		{DC85F009-6C82-4829-9764-E328C04F023F}.Debug|Mixed Platforms.Build.0 = Debug|Any CPU
		{DC85F009-6C82-4829-9764-E328C04F023F}.Debug|x64.ActiveCfg = Debug|Any CPU
		{DC85F009-6C82-4829-9764-E328C04F023F}.Debug|x64.Build.0 = Debug|Any CPU
		{DC85F009-6C82-4829-9764-E328C04F023F}.Debug|x86.ActiveCfg = Debug|Any CPU
		{DC85F009-6C82-4829-9764-E328C04F023F}.Debug|x86.Build.0 = Debug|Any CPU
		{DC85F009-6C82-4829-9764-E328C04F023F}.Release|Any CPU.ActiveCfg = Release|Any CPU
		{DC85F009-6C82-4829-9764-E328C04F023F}.Release|Any CPU.Build.0 = Release|Any CPU
		{DC85F009-6C82-4829-9764-E328C04F023F}.Release|Mixed Platforms.ActiveCfg = Release|Any CPU
		{DC85F009-6C82-4829-9764-E328C04F023F}.Release|Mixed Platforms.Build.0 = Release|Any CPU
		{DC85F009-6C82-4829-9764-E328C04F023F}.Release|x64.ActiveCfg = Release|Any CPU
		{DC85F009-6C82-4829-9764-E328C04F023F}.Release|x64.Build.0 = Release|Any CPU
		{DC85F009-6C82-4829-9764-E328C04F023F}.Release|x86.ActiveCfg = Release|Any CPU
		{DC85F009-6C82-4829-9764-E328C04F023F}.Release|x86.Build.0 = Release|Any CPU
		{975E2E2B-FFA6-4FE0-A97B-DFBD0489D5BA}.Debug|Any CPU.ActiveCfg = Debug|Any CPU
		{975E2E2B-FFA6-4FE0-A97B-DFBD0489D5BA}.Debug|Any CPU.Build.0 = Debug|Any CPU
		{975E2E2B-FFA6-4FE0-A97B-DFBD0489D5BA}.Debug|Mixed Platforms.ActiveCfg = Debug|Any CPU
		{975E2E2B-FFA6-4FE0-A97B-DFBD0489D5BA}.Debug|Mixed Platforms.Build.0 = Debug|Any CPU
		{975E2E2B-FFA6-4FE0-A97B-DFBD0489D5BA}.Debug|x64.ActiveCfg = Debug|Any CPU
		{975E2E2B-FFA6-4FE0-A97B-DFBD0489D5BA}.Debug|x64.Build.0 = Debug|Any CPU
		{975E2E2B-FFA6-4FE0-A97B-DFBD0489D5BA}.Debug|x86.ActiveCfg = Debug|Any CPU
		{975E2E2B-FFA6-4FE0-A97B-DFBD0489D5BA}.Debug|x86.Build.0 = Debug|Any CPU
		{975E2E2B-FFA6-4FE0-A97B-DFBD0489D5BA}.Release|Any CPU.ActiveCfg = Release|Any CPU
		{975E2E2B-FFA6-4FE0-A97B-DFBD0489D5BA}.Release|Any CPU.Build.0 = Release|Any CPU
		{975E2E2B-FFA6-4FE0-A97B-DFBD0489D5BA}.Release|Mixed Platforms.ActiveCfg = Release|Any CPU
		{975E2E2B-FFA6-4FE0-A97B-DFBD0489D5BA}.Release|Mixed Platforms.Build.0 = Release|Any CPU
		{975E2E2B-FFA6-4FE0-A97B-DFBD0489D5BA}.Release|x64.ActiveCfg = Release|Any CPU
		{975E2E2B-FFA6-4FE0-A97B-DFBD0489D5BA}.Release|x64.Build.0 = Release|Any CPU
		{975E2E2B-FFA6-4FE0-A97B-DFBD0489D5BA}.Release|x86.ActiveCfg = Release|Any CPU
		{975E2E2B-FFA6-4FE0-A97B-DFBD0489D5BA}.Release|x86.Build.0 = Release|Any CPU
		{01617324-47BF-4EEF-98F3-09A0BDC11036}.Debug|Any CPU.ActiveCfg = Debug|Any CPU
		{01617324-47BF-4EEF-98F3-09A0BDC11036}.Debug|Any CPU.Build.0 = Debug|Any CPU
		{01617324-47BF-4EEF-98F3-09A0BDC11036}.Debug|Mixed Platforms.ActiveCfg = Debug|Any CPU
		{01617324-47BF-4EEF-98F3-09A0BDC11036}.Debug|Mixed Platforms.Build.0 = Debug|Any CPU
		{01617324-47BF-4EEF-98F3-09A0BDC11036}.Debug|x64.ActiveCfg = Debug|Any CPU
		{01617324-47BF-4EEF-98F3-09A0BDC11036}.Debug|x64.Build.0 = Debug|Any CPU
		{01617324-47BF-4EEF-98F3-09A0BDC11036}.Debug|x86.ActiveCfg = Debug|Any CPU
		{01617324-47BF-4EEF-98F3-09A0BDC11036}.Debug|x86.Build.0 = Debug|Any CPU
		{01617324-47BF-4EEF-98F3-09A0BDC11036}.Release|Any CPU.ActiveCfg = Release|Any CPU
		{01617324-47BF-4EEF-98F3-09A0BDC11036}.Release|Any CPU.Build.0 = Release|Any CPU
		{01617324-47BF-4EEF-98F3-09A0BDC11036}.Release|Mixed Platforms.ActiveCfg = Release|Any CPU
		{01617324-47BF-4EEF-98F3-09A0BDC11036}.Release|Mixed Platforms.Build.0 = Release|Any CPU
		{01617324-47BF-4EEF-98F3-09A0BDC11036}.Release|x64.ActiveCfg = Release|Any CPU
		{01617324-47BF-4EEF-98F3-09A0BDC11036}.Release|x64.Build.0 = Release|Any CPU
		{01617324-47BF-4EEF-98F3-09A0BDC11036}.Release|x86.ActiveCfg = Release|Any CPU
		{01617324-47BF-4EEF-98F3-09A0BDC11036}.Release|x86.Build.0 = Release|Any CPU
		{4F8EA926-60C9-44EB-B194-82A935346740}.Debug|Any CPU.ActiveCfg = Debug|Any CPU
		{4F8EA926-60C9-44EB-B194-82A935346740}.Debug|Any CPU.Build.0 = Debug|Any CPU
		{4F8EA926-60C9-44EB-B194-82A935346740}.Debug|Mixed Platforms.ActiveCfg = Debug|Any CPU
		{4F8EA926-60C9-44EB-B194-82A935346740}.Debug|Mixed Platforms.Build.0 = Debug|Any CPU
		{4F8EA926-60C9-44EB-B194-82A935346740}.Debug|x64.ActiveCfg = Debug|Any CPU
		{4F8EA926-60C9-44EB-B194-82A935346740}.Debug|x64.Build.0 = Debug|Any CPU
		{4F8EA926-60C9-44EB-B194-82A935346740}.Debug|x86.ActiveCfg = Debug|Any CPU
		{4F8EA926-60C9-44EB-B194-82A935346740}.Debug|x86.Build.0 = Debug|Any CPU
		{4F8EA926-60C9-44EB-B194-82A935346740}.Release|Any CPU.ActiveCfg = Release|Any CPU
		{4F8EA926-60C9-44EB-B194-82A935346740}.Release|Any CPU.Build.0 = Release|Any CPU
		{4F8EA926-60C9-44EB-B194-82A935346740}.Release|Mixed Platforms.ActiveCfg = Release|Any CPU
		{4F8EA926-60C9-44EB-B194-82A935346740}.Release|Mixed Platforms.Build.0 = Release|Any CPU
		{4F8EA926-60C9-44EB-B194-82A935346740}.Release|x64.ActiveCfg = Release|Any CPU
		{4F8EA926-60C9-44EB-B194-82A935346740}.Release|x64.Build.0 = Release|Any CPU
		{4F8EA926-60C9-44EB-B194-82A935346740}.Release|x86.ActiveCfg = Release|Any CPU
		{4F8EA926-60C9-44EB-B194-82A935346740}.Release|x86.Build.0 = Release|Any CPU
		{C5627926-D605-4F27-8324-F85862D22B05}.Debug|Any CPU.ActiveCfg = Debug|Any CPU
		{C5627926-D605-4F27-8324-F85862D22B05}.Debug|Any CPU.Build.0 = Debug|Any CPU
		{C5627926-D605-4F27-8324-F85862D22B05}.Debug|Mixed Platforms.ActiveCfg = Debug|Any CPU
		{C5627926-D605-4F27-8324-F85862D22B05}.Debug|Mixed Platforms.Build.0 = Debug|Any CPU
		{C5627926-D605-4F27-8324-F85862D22B05}.Debug|x64.ActiveCfg = Debug|Any CPU
		{C5627926-D605-4F27-8324-F85862D22B05}.Debug|x64.Build.0 = Debug|Any CPU
		{C5627926-D605-4F27-8324-F85862D22B05}.Debug|x86.ActiveCfg = Debug|Any CPU
		{C5627926-D605-4F27-8324-F85862D22B05}.Debug|x86.Build.0 = Debug|Any CPU
		{C5627926-D605-4F27-8324-F85862D22B05}.Release|Any CPU.ActiveCfg = Release|Any CPU
		{C5627926-D605-4F27-8324-F85862D22B05}.Release|Any CPU.Build.0 = Release|Any CPU
		{C5627926-D605-4F27-8324-F85862D22B05}.Release|Mixed Platforms.ActiveCfg = Release|Any CPU
		{C5627926-D605-4F27-8324-F85862D22B05}.Release|Mixed Platforms.Build.0 = Release|Any CPU
		{C5627926-D605-4F27-8324-F85862D22B05}.Release|x64.ActiveCfg = Release|Any CPU
		{C5627926-D605-4F27-8324-F85862D22B05}.Release|x64.Build.0 = Release|Any CPU
		{C5627926-D605-4F27-8324-F85862D22B05}.Release|x86.ActiveCfg = Release|Any CPU
		{C5627926-D605-4F27-8324-F85862D22B05}.Release|x86.Build.0 = Release|Any CPU
		{5668D506-DA4C-4910-A4A5-4A3C3DC4576B}.Debug|Any CPU.ActiveCfg = Debug|Any CPU
		{5668D506-DA4C-4910-A4A5-4A3C3DC4576B}.Debug|Any CPU.Build.0 = Debug|Any CPU
		{5668D506-DA4C-4910-A4A5-4A3C3DC4576B}.Debug|Mixed Platforms.ActiveCfg = Debug|Any CPU
		{5668D506-DA4C-4910-A4A5-4A3C3DC4576B}.Debug|Mixed Platforms.Build.0 = Debug|Any CPU
		{5668D506-DA4C-4910-A4A5-4A3C3DC4576B}.Debug|x64.ActiveCfg = Debug|Any CPU
		{5668D506-DA4C-4910-A4A5-4A3C3DC4576B}.Debug|x64.Build.0 = Debug|Any CPU
		{5668D506-DA4C-4910-A4A5-4A3C3DC4576B}.Debug|x86.ActiveCfg = Debug|Any CPU
		{5668D506-DA4C-4910-A4A5-4A3C3DC4576B}.Debug|x86.Build.0 = Debug|Any CPU
		{5668D506-DA4C-4910-A4A5-4A3C3DC4576B}.Release|Any CPU.ActiveCfg = Release|Any CPU
		{5668D506-DA4C-4910-A4A5-4A3C3DC4576B}.Release|Any CPU.Build.0 = Release|Any CPU
		{5668D506-DA4C-4910-A4A5-4A3C3DC4576B}.Release|Mixed Platforms.ActiveCfg = Release|Any CPU
		{5668D506-DA4C-4910-A4A5-4A3C3DC4576B}.Release|Mixed Platforms.Build.0 = Release|Any CPU
		{5668D506-DA4C-4910-A4A5-4A3C3DC4576B}.Release|x64.ActiveCfg = Release|Any CPU
		{5668D506-DA4C-4910-A4A5-4A3C3DC4576B}.Release|x64.Build.0 = Release|Any CPU
		{5668D506-DA4C-4910-A4A5-4A3C3DC4576B}.Release|x86.ActiveCfg = Release|Any CPU
		{5668D506-DA4C-4910-A4A5-4A3C3DC4576B}.Release|x86.Build.0 = Release|Any CPU
		{ACC28167-D2C3-426A-9C45-C4906E09BA4E}.Debug|Any CPU.ActiveCfg = Debug|Any CPU
		{ACC28167-D2C3-426A-9C45-C4906E09BA4E}.Debug|Any CPU.Build.0 = Debug|Any CPU
		{ACC28167-D2C3-426A-9C45-C4906E09BA4E}.Debug|Mixed Platforms.ActiveCfg = Debug|Any CPU
		{ACC28167-D2C3-426A-9C45-C4906E09BA4E}.Debug|Mixed Platforms.Build.0 = Debug|Any CPU
		{ACC28167-D2C3-426A-9C45-C4906E09BA4E}.Debug|x64.ActiveCfg = Debug|Any CPU
		{ACC28167-D2C3-426A-9C45-C4906E09BA4E}.Debug|x64.Build.0 = Debug|Any CPU
		{ACC28167-D2C3-426A-9C45-C4906E09BA4E}.Debug|x86.ActiveCfg = Debug|Any CPU
		{ACC28167-D2C3-426A-9C45-C4906E09BA4E}.Debug|x86.Build.0 = Debug|Any CPU
		{ACC28167-D2C3-426A-9C45-C4906E09BA4E}.Release|Any CPU.ActiveCfg = Release|Any CPU
		{ACC28167-D2C3-426A-9C45-C4906E09BA4E}.Release|Any CPU.Build.0 = Release|Any CPU
		{ACC28167-D2C3-426A-9C45-C4906E09BA4E}.Release|Mixed Platforms.ActiveCfg = Release|Any CPU
		{ACC28167-D2C3-426A-9C45-C4906E09BA4E}.Release|Mixed Platforms.Build.0 = Release|Any CPU
		{ACC28167-D2C3-426A-9C45-C4906E09BA4E}.Release|x64.ActiveCfg = Release|Any CPU
		{ACC28167-D2C3-426A-9C45-C4906E09BA4E}.Release|x64.Build.0 = Release|Any CPU
		{ACC28167-D2C3-426A-9C45-C4906E09BA4E}.Release|x86.ActiveCfg = Release|Any CPU
		{ACC28167-D2C3-426A-9C45-C4906E09BA4E}.Release|x86.Build.0 = Release|Any CPU
		{6BAC7887-02FB-4B6F-BB5C-D6DEF9646CC6}.Debug|Any CPU.ActiveCfg = Debug|Any CPU
		{6BAC7887-02FB-4B6F-BB5C-D6DEF9646CC6}.Debug|Any CPU.Build.0 = Debug|Any CPU
		{6BAC7887-02FB-4B6F-BB5C-D6DEF9646CC6}.Debug|Mixed Platforms.ActiveCfg = Debug|Any CPU
		{6BAC7887-02FB-4B6F-BB5C-D6DEF9646CC6}.Debug|Mixed Platforms.Build.0 = Debug|Any CPU
		{6BAC7887-02FB-4B6F-BB5C-D6DEF9646CC6}.Debug|x64.ActiveCfg = Debug|Any CPU
		{6BAC7887-02FB-4B6F-BB5C-D6DEF9646CC6}.Debug|x64.Build.0 = Debug|Any CPU
		{6BAC7887-02FB-4B6F-BB5C-D6DEF9646CC6}.Debug|x86.ActiveCfg = Debug|Any CPU
		{6BAC7887-02FB-4B6F-BB5C-D6DEF9646CC6}.Debug|x86.Build.0 = Debug|Any CPU
		{6BAC7887-02FB-4B6F-BB5C-D6DEF9646CC6}.Release|Any CPU.ActiveCfg = Release|Any CPU
		{6BAC7887-02FB-4B6F-BB5C-D6DEF9646CC6}.Release|Any CPU.Build.0 = Release|Any CPU
		{6BAC7887-02FB-4B6F-BB5C-D6DEF9646CC6}.Release|Mixed Platforms.ActiveCfg = Release|Any CPU
		{6BAC7887-02FB-4B6F-BB5C-D6DEF9646CC6}.Release|Mixed Platforms.Build.0 = Release|Any CPU
		{6BAC7887-02FB-4B6F-BB5C-D6DEF9646CC6}.Release|x64.ActiveCfg = Release|Any CPU
		{6BAC7887-02FB-4B6F-BB5C-D6DEF9646CC6}.Release|x64.Build.0 = Release|Any CPU
		{6BAC7887-02FB-4B6F-BB5C-D6DEF9646CC6}.Release|x86.ActiveCfg = Release|Any CPU
		{6BAC7887-02FB-4B6F-BB5C-D6DEF9646CC6}.Release|x86.Build.0 = Release|Any CPU
	EndGlobalSection
	GlobalSection(SolutionProperties) = preSolution
		HideSolutionNode = FALSE
	EndGlobalSection
	GlobalSection(NestedProjects) = preSolution
		{A69B2298-1840-46E8-849E-CA68C96364EE} = {0C294EC4-E6EF-4839-AD34-335C1A5112F9}
		{F2C23E01-C045-4D8E-997F-A9110DA5E041} = {0882456B-4A70-4895-A3AE-39B9D30A1B31}
		{2E2082CC-BB43-4971-A419-3F5CE5BD2CD7} = {90072A27-51D8-4043-B4D2-940088010E69}
		{54213D0E-F9D8-4293-AD78-852FC72423F9} = {0882456B-4A70-4895-A3AE-39B9D30A1B31}
		{2F005B29-D46A-441F-933D-CD25A0235074} = {0882456B-4A70-4895-A3AE-39B9D30A1B31}
		{DC85F009-6C82-4829-9764-E328C04F023F} = {0882456B-4A70-4895-A3AE-39B9D30A1B31}
		{975E2E2B-FFA6-4FE0-A97B-DFBD0489D5BA} = {0882456B-4A70-4895-A3AE-39B9D30A1B31}
		{01617324-47BF-4EEF-98F3-09A0BDC11036} = {0C294EC4-E6EF-4839-AD34-335C1A5112F9}
		{4F8EA926-60C9-44EB-B194-82A935346740} = {0C294EC4-E6EF-4839-AD34-335C1A5112F9}
		{C5627926-D605-4F27-8324-F85862D22B05} = {0C294EC4-E6EF-4839-AD34-335C1A5112F9}
		{5668D506-DA4C-4910-A4A5-4A3C3DC4576B} = {0C294EC4-E6EF-4839-AD34-335C1A5112F9}
		{ACC28167-D2C3-426A-9C45-C4906E09BA4E} = {0C294EC4-E6EF-4839-AD34-335C1A5112F9}
		{6BAC7887-02FB-4B6F-BB5C-D6DEF9646CC6} = {0C294EC4-E6EF-4839-AD34-335C1A5112F9}
	EndGlobalSection
	GlobalSection(ExtensibilityGlobals) = postSolution
		SolutionGuid = {A6AB2945-2138-42B9-8F82-FCCF4DFC8F55}
	EndGlobalSection
	GlobalSection(TestCaseManagementSettings) = postSolution
		CategoryFile = Store.vsmdi
	EndGlobalSection
EndGlobal
